
Microsoft Visual Studio Solution File, Format Version 12.00
# Visual Studio Version 17
VisualStudioVersion = 17.8.34302.71
MinimumVisualStudioVersion = 10.0.40219.1
Project("{8BC9CEB8-8B4A-11D0-8D11-00A0C91BC942}") = "SimpleCppDll", "SimpleCppDll\SimpleCppDll.vcxproj", "{BEF26DCD-7CB7-46A0-9B68-BC719AF071E0}"
EndProject
Project("{FAE04EC0-301F-11D3-BF4B-00C04F79EFBC}") = "CSharpProjectToCallCppDll", "CSharpProjectToCallCppDll\CSharpProjectToCallCppDll.csproj", "{E223094C-28C5-4503-A1BD-ECC5E8F8F806}"
	ProjectSection(ProjectDependencies) = postProject
		{BEF26DCD-7CB7-46A0-9B68-BC719AF071E0} = {BEF26DCD-7CB7-46A0-9B68-BC719AF071E0}
	EndProjectSection
EndProject
Global
	GlobalSection(SolutionConfigurationPlatforms) = preSolution
		Debug|Any CPU = Debug|Any CPU
		Debug|x64 = Debug|x64
		Debug|x86 = Debug|x86
		Release|Any CPU = Release|Any CPU
		Release|x64 = Release|x64
		Release|x86 = Release|x86
	EndGlobalSection
	GlobalSection(ProjectConfigurationPlatforms) = postSolution
		{BEF26DCD-7CB7-46A0-9B68-BC719AF071E0}.Debug|Any CPU.ActiveCfg = Debug|x64
		{BEF26DCD-7CB7-46A0-9B68-BC719AF071E0}.Debug|Any CPU.Build.0 = Debug|x64
		{BEF26DCD-7CB7-46A0-9B68-BC719AF071E0}.Debug|x64.ActiveCfg = Debug|x64
		{BEF26DCD-7CB7-46A0-9B68-BC719AF071E0}.Debug|x64.Build.0 = Debug|x64
		{BEF26DCD-7CB7-46A0-9B68-BC719AF071E0}.Debug|x86.ActiveCfg = Debug|Win32
		{BEF26DCD-7CB7-46A0-9B68-BC719AF071E0}.Debug|x86.Build.0 = Debug|Win32
		{BEF26DCD-7CB7-46A0-9B68-BC719AF071E0}.Release|Any CPU.ActiveCfg = Release|x64
		{BEF26DCD-7CB7-46A0-9B68-BC719AF071E0}.Release|Any CPU.Build.0 = Release|x64
		{BEF26DCD-7CB7-46A0-9B68-BC719AF071E0}.Release|x64.ActiveCfg = Release|x64
		{BEF26DCD-7CB7-46A0-9B68-BC719AF071E0}.Release|x64.Build.0 = Release|x64
		{BEF26DCD-7CB7-46A0-9B68-BC719AF071E0}.Release|x86.ActiveCfg = Release|Win32
		{BEF26DCD-7CB7-46A0-9B68-BC719AF071E0}.Release|x86.Build.0 = Release|Win32
		{E223094C-28C5-4503-A1BD-ECC5E8F8F806}.Debug|Any CPU.ActiveCfg = Debug|Any CPU
		{E223094C-28C5-4503-A1BD-ECC5E8F8F806}.Debug|Any CPU.Build.0 = Debug|Any CPU
		{E223094C-28C5-4503-A1BD-ECC5E8F8F806}.Debug|x64.ActiveCfg = Debug|Any CPU
		{E223094C-28C5-4503-A1BD-ECC5E8F8F806}.Debug|x64.Build.0 = Debug|Any CPU
		{E223094C-28C5-4503-A1BD-ECC5E8F8F806}.Debug|x86.ActiveCfg = Debug|Any CPU
		{E223094C-28C5-4503-A1BD-ECC5E8F8F806}.Debug|x86.Build.0 = Debug|Any CPU
		{E223094C-28C5-4503-A1BD-ECC5E8F8F806}.Release|Any CPU.ActiveCfg = Release|Any CPU
		{E223094C-28C5-4503-A1BD-ECC5E8F8F806}.Release|Any CPU.Build.0 = Release|Any CPU
		{E223094C-28C5-4503-A1BD-ECC5E8F8F806}.Release|x64.ActiveCfg = Release|Any CPU
		{E223094C-28C5-4503-A1BD-ECC5E8F8F806}.Release|x64.Build.0 = Release|Any CPU
		{E223094C-28C5-4503-A1BD-ECC5E8F8F806}.Release|x86.ActiveCfg = Release|Any CPU
		{E223094C-28C5-4503-A1BD-ECC5E8F8F806}.Release|x86.Build.0 = Release|Any CPU
	EndGlobalSection
	GlobalSection(SolutionProperties) = preSolution
		HideSolutionNode = FALSE
	EndGlobalSection
	GlobalSection(ExtensibilityGlobals) = postSolution
		SolutionGuid = {4E64DA7F-C615-42DB-B3A6-ACD73A102052}
	EndGlobalSection
EndGlobal
